
Microsoft Visual Studio Solution File, Format Version 12.00
# Visual Studio Version 17
VisualStudioVersion = 17.14.36203.30 d17.14
MinimumVisualStudioVersion = 10.0.40219.1
Project("{FAE04EC0-301F-11D3-BF4B-00C04F79EFBC}") = "appMenu2", "appMenu2.csproj", "{11787831-FFBD-48B7-82B2-F55E664D42CE}"
EndProject
Global
	GlobalSection(SolutionConfigurationPlatforms) = preSolution
		Debug|Any CPU = Debug|Any CPU
		Release|Any CPU = Release|Any CPU
	EndGlobalSection
	GlobalSection(ProjectConfigurationPlatforms) = postSolution
		{11787831-FFBD-48B7-82B2-F55E664D42CE}.Debug|Any CPU.ActiveCfg = Debug|Any CPU
		{11787831-FFBD-48B7-82B2-F55E664D42CE}.Debug|Any CPU.Build.0 = Debug|Any CPU
		{11787831-FFBD-48B7-82B2-F55E664D42CE}.Release|Any CPU.ActiveCfg = Release|Any CPU
		{11787831-FFBD-48B7-82B2-F55E664D42CE}.Release|Any CPU.Build.0 = Release|Any CPU
	EndGlobalSection
	GlobalSection(SolutionProperties) = preSolution
		HideSolutionNode = FALSE
	EndGlobalSection
	GlobalSection(ExtensibilityGlobals) = postSolution
		SolutionGuid = {65CEE771-36FF-4222-8743-DAD479BF15A3}
	EndGlobalSection
EndGlobal
